
Microsoft Visual Studio Solution File, Format Version 12.00
# Visual Studio Version 17
VisualStudioVersion = 17.7.34202.233
MinimumVisualStudioVersion = 10.0.40219.1
Project("{FAE04EC0-301F-11D3-BF4B-00C04F79EFBC}") = "ConsoleApplication", "ConsoleApplication\ConsoleApplication.csproj", "{C43FB841-4A2A-481A-90A9-C647D48E71F2}"
EndProject
Project("{FAE04EC0-301F-11D3-BF4B-00C04F79EFBC}") = "InventoryManagement", "InventoryManagement\InventoryManagement.csproj", "{D15EAF2B-F316-4B21-9E87-13CFC773E704}"
EndProject
Global
	GlobalSection(SolutionConfigurationPlatforms) = preSolution
		Debug|Any CPU = Debug|Any CPU
		Release|Any CPU = Release|Any CPU
	EndGlobalSection
	GlobalSection(ProjectConfigurationPlatforms) = postSolution
		{C43FB841-4A2A-481A-90A9-C647D48E71F2}.Debug|Any CPU.ActiveCfg = Debug|Any CPU
		{C43FB841-4A2A-481A-90A9-C647D48E71F2}.Debug|Any CPU.Build.0 = Debug|Any CPU
		{C43FB841-4A2A-481A-90A9-C647D48E71F2}.Release|Any CPU.ActiveCfg = Release|Any CPU
		{C43FB841-4A2A-481A-90A9-C647D48E71F2}.Release|Any CPU.Build.0 = Release|Any CPU
		{D15EAF2B-F316-4B21-9E87-13CFC773E704}.Debug|Any CPU.ActiveCfg = Debug|Any CPU
		{D15EAF2B-F316-4B21-9E87-13CFC773E704}.Debug|Any CPU.Build.0 = Debug|Any CPU
		{D15EAF2B-F316-4B21-9E87-13CFC773E704}.Release|Any CPU.ActiveCfg = Release|Any CPU
		{D15EAF2B-F316-4B21-9E87-13CFC773E704}.Release|Any CPU.Build.0 = Release|Any CPU
	EndGlobalSection
	GlobalSection(SolutionProperties) = preSolution
		HideSolutionNode = FALSE
	EndGlobalSection
	GlobalSection(ExtensibilityGlobals) = postSolution
		SolutionGuid = {3241863E-4637-44B7-86F5-5C15BF0CBB34}
	EndGlobalSection
EndGlobal
